
Microsoft Visual Studio Solution File, Format Version 12.00
# Visual Studio Version 16
VisualStudioVersion = 16.0.30413.136
MinimumVisualStudioVersion = 10.0.40219.1
Project("{FAE04EC0-301F-11D3-BF4B-00C04F79EFBC}") = "MatchGame", "MatchGame.csproj", "{D2F329A2-78D2-48F1-806E-335AF5CDDCC3}"
EndProject
Global
	GlobalSection(SolutionConfigurationPlatforms) = preSolution
		Debug|Any CPU = Debug|Any CPU
		Release|Any CPU = Release|Any CPU
	EndGlobalSection
	GlobalSection(ProjectConfigurationPlatforms) = postSolution
		{D2F329A2-78D2-48F1-806E-335AF5CDDCC3}.Debug|Any CPU.ActiveCfg = Debug|Any CPU
		{D2F329A2-78D2-48F1-806E-335AF5CDDCC3}.Debug|Any CPU.Build.0 = Debug|Any CPU
		{D2F329A2-78D2-48F1-806E-335AF5CDDCC3}.Release|Any CPU.ActiveCfg = Release|Any CPU
		{D2F329A2-78D2-48F1-806E-335AF5CDDCC3}.Release|Any CPU.Build.0 = Release|Any CPU
	EndGlobalSection
	GlobalSection(SolutionProperties) = preSolution
		HideSolutionNode = FALSE
	EndGlobalSection
	GlobalSection(ExtensibilityGlobals) = postSolution
		SolutionGuid = {7B3323D4-F6EB-4223-9EFB-18DDCF2DA0CD}
	EndGlobalSection
EndGlobal
